
Microsoft Visual Studio Solution File, Format Version 12.00
# Visual Studio Version 17
VisualStudioVersion = 17.1.32210.238
MinimumVisualStudioVersion = 10.0.40219.1
Project("{9A19103F-16F7-4668-BE54-9A1E7A4F7556}") = "批量重命名", "批量重命名\批量重命名.csproj", "{A62823AD-792C-4D33-BF37-2D8CD525013B}"
EndProject
Global
	GlobalSection(SolutionConfigurationPlatforms) = preSolution
		Debug|Any CPU = Debug|Any CPU
		Release|Any CPU = Release|Any CPU
	EndGlobalSection
	GlobalSection(ProjectConfigurationPlatforms) = postSolution
		{A62823AD-792C-4D33-BF37-2D8CD525013B}.Debug|Any CPU.ActiveCfg = Debug|Any CPU
		{A62823AD-792C-4D33-BF37-2D8CD525013B}.Debug|Any CPU.Build.0 = Debug|Any CPU
		{A62823AD-792C-4D33-BF37-2D8CD525013B}.Release|Any CPU.ActiveCfg = Release|Any CPU
		{A62823AD-792C-4D33-BF37-2D8CD525013B}.Release|Any CPU.Build.0 = Release|Any CPU
	EndGlobalSection
	GlobalSection(SolutionProperties) = preSolution
		HideSolutionNode = FALSE
	EndGlobalSection
	GlobalSection(ExtensibilityGlobals) = postSolution
		SolutionGuid = {CC18A1F2-133C-4270-B9C9-C669AAF92514}
	EndGlobalSection
EndGlobal
